// !$*UTF8*$!
{
	archiveVersion = 1;
	classes = {
	};
	objectVersion = 51;
	objects = {

/* Begin PBXBuildFile section */
		383C97E32465DEA200812FDF /* TextToAnswerCollectionViewCell.swift in Sources */ = {isa = PBXBuildFile; fileRef = 383C97E22465DEA200812FDF /* TextToAnswerCollectionViewCell.swift */; };
		383C97E92465EA3C00812FDF /* RadioButton.swift in Sources */ = {isa = PBXBuildFile; fileRef = 383C97E82465EA3C00812FDF /* RadioButton.swift */; };
		383C97EB2465EB3B00812FDF /* ExerciseWithFormViewController.swift in Sources */ = {isa = PBXBuildFile; fileRef = 383C97EA2465EB3B00812FDF /* ExerciseWithFormViewController.swift */; };
		384225DD246B3AFF009BE84D /* timerPickerView.swift in Sources */ = {isa = PBXBuildFile; fileRef = 384225DC246B3AFF009BE84D /* timerPickerView.swift */; };
		385C741D24654905009EB1A2 /* ShadowView.swift in Sources */ = {isa = PBXBuildFile; fileRef = 385C741C24654905009EB1A2 /* ShadowView.swift */; };
		385C741F24655A64009EB1A2 /* CheckBox.swift in Sources */ = {isa = PBXBuildFile; fileRef = 385C741E24655A64009EB1A2 /* CheckBox.swift */; };
		385C742124655A6D009EB1A2 /* CopriScopriViewController.swift in Sources */ = {isa = PBXBuildFile; fileRef = 385C742024655A6D009EB1A2 /* CopriScopriViewController.swift */; };
		385C742324655A77009EB1A2 /* PopUpViewController.swift in Sources */ = {isa = PBXBuildFile; fileRef = 385C742224655A77009EB1A2 /* PopUpViewController.swift */; };
		385C742524655AC9009EB1A2 /* FormCopriScopriViewController.swift in Sources */ = {isa = PBXBuildFile; fileRef = 385C742424655AC9009EB1A2 /* FormCopriScopriViewController.swift */; };
		38876592246C713600328D23 /* FileCell.swift in Sources */ = {isa = PBXBuildFile; fileRef = 38876591246C713600328D23 /* FileCell.swift */; };
		38876594246C713F00328D23 /* UPCarouselFlowLayout.swift in Sources */ = {isa = PBXBuildFile; fileRef = 38876593246C713F00328D23 /* UPCarouselFlowLayout.swift */; };
		3888437C246C9A6C0064712A /* PresentatiotionTextToReadViewController.swift in Sources */ = {isa = PBXBuildFile; fileRef = 3888437B246C9A6C0064712A /* PresentatiotionTextToReadViewController.swift */; };
		3888437E246C9A990064712A /* DropUpButton.swift in Sources */ = {isa = PBXBuildFile; fileRef = 3888437D246C9A990064712A /* DropUpButton.swift */; };
		38884380246C9ACD0064712A /* DropUpView.swift in Sources */ = {isa = PBXBuildFile; fileRef = 3888437F246C9ACD0064712A /* DropUpView.swift */; };
		38884382246C9D4A0064712A /* DropUpViewCollectionViewCell.swift in Sources */ = {isa = PBXBuildFile; fileRef = 38884381246C9D4A0064712A /* DropUpViewCollectionViewCell.swift */; };
		38B9B368247276A9000C16A4 /* containerOfRadioButton.swift in Sources */ = {isa = PBXBuildFile; fileRef = 38B9B367247276A9000C16A4 /* containerOfRadioButton.swift */; };
		38BA6A39247143B900DF7878 /* PamCrTestiViewController.swift in Sources */ = {isa = PBXBuildFile; fileRef = 38BA6A38247143B900DF7878 /* PamCrTestiViewController.swift */; };
		38F22555246FFA9000287884 /* TimerView.swift in Sources */ = {isa = PBXBuildFile; fileRef = 38F22554246FFA9000287884 /* TimerView.swift */; };
		479413D3D40BE167C969FF2F /* Pods_MCXIApplication.framework in Frameworks */ = {isa = PBXBuildFile; fileRef = F75E08D9541D5695E62973B4 /* Pods_MCXIApplication.framework */; };
		4B7AC8DD24706DF000C59A0C /* FontKit.swift in Sources */ = {isa = PBXBuildFile; fileRef = 4B7AC8DC24706DF000C59A0C /* FontKit.swift */; };
		5F1573072471848D00C832B6 /* TutorialViewController.swift in Sources */ = {isa = PBXBuildFile; fileRef = 5F1573062471848D00C832B6 /* TutorialViewController.swift */; };
		5F31E0182477194B004617C9 /* KeywordsCollectionViewCell.swift in Sources */ = {isa = PBXBuildFile; fileRef = 5F31E0172477194B004617C9 /* KeywordsCollectionViewCell.swift */; };
		7509E2D82460B2A60021CA4F /* AppDelegate.swift in Sources */ = {isa = PBXBuildFile; fileRef = 7509E2D72460B2A60021CA4F /* AppDelegate.swift */; };
		7509E2DA2460B2A60021CA4F /* SceneDelegate.swift in Sources */ = {isa = PBXBuildFile; fileRef = 7509E2D92460B2A60021CA4F /* SceneDelegate.swift */; };
		7509E2DF2460B2A60021CA4F /* Main.storyboard in Resources */ = {isa = PBXBuildFile; fileRef = 7509E2DD2460B2A60021CA4F /* Main.storyboard */; };
		7509E2E12460B2A70021CA4F /* Assets.xcassets in Resources */ = {isa = PBXBuildFile; fileRef = 7509E2E02460B2A70021CA4F /* Assets.xcassets */; };
		7509E2E42460B2A70021CA4F /* LaunchScreen.storyboard in Resources */ = {isa = PBXBuildFile; fileRef = 7509E2E22460B2A70021CA4F /* LaunchScreen.storyboard */; };
		7509E2EC2460B3530021CA4F /* ReadingDeskViewController.swift in Sources */ = {isa = PBXBuildFile; fileRef = 7509E2EB2460B3530021CA4F /* ReadingDeskViewController.swift */; };
		7509E2EF2460B38B0021CA4F /* ExcerciesViewController.swift in Sources */ = {isa = PBXBuildFile; fileRef = 7509E2EE2460B38B0021CA4F /* ExcerciesViewController.swift */; };
		7509E2F12460B39F0021CA4F /* FilesViewController.swift in Sources */ = {isa = PBXBuildFile; fileRef = 7509E2F02460B39F0021CA4F /* FilesViewController.swift */; };
		7509E2F42460B7640021CA4F /* Type2ViewController.swift in Sources */ = {isa = PBXBuildFile; fileRef = 7509E2F32460B7630021CA4F /* Type2ViewController.swift */; };
		7509E2F82460BA3C0021CA4F /* Type2CollectionViewCell.xib in Resources */ = {isa = PBXBuildFile; fileRef = 7509E2F62460BA3C0021CA4F /* Type2CollectionViewCell.xib */; };
		7509E2F92460BA3C0021CA4F /* Type2CollectionViewCell.swift in Sources */ = {isa = PBXBuildFile; fileRef = 7509E2F72460BA3C0021CA4F /* Type2CollectionViewCell.swift */; };
		7509E2FC2462A3C40021CA4F /* RomboExcerciesViewController.swift in Sources */ = {isa = PBXBuildFile; fileRef = 7509E2FB2462A3C40021CA4F /* RomboExcerciesViewController.swift */; };
		7518939F2465541700C5B695 /* AppUtility.swift in Sources */ = {isa = PBXBuildFile; fileRef = 7518939E2465541700C5B695 /* AppUtility.swift */; };
		751893A12465FD5600C5B695 /* TestiEsercizi.json in Resources */ = {isa = PBXBuildFile; fileRef = 751893A02465FD5600C5B695 /* TestiEsercizi.json */; };
		755B77C32471A61800A3E73D /* PasteAndCopyViewController.swift in Sources */ = {isa = PBXBuildFile; fileRef = 755B77C22471A61800A3E73D /* PasteAndCopyViewController.swift */; };
		75CA249B246F3974009D3C1F /* DetectedViewController.swift in Sources */ = {isa = PBXBuildFile; fileRef = 75CA2496246F3973009D3C1F /* DetectedViewController.swift */; };
		75CA249C246F3974009D3C1F /* UIImageView-ImageRect.swift in Sources */ = {isa = PBXBuildFile; fileRef = 75CA2497246F3973009D3C1F /* UIImageView-ImageRect.swift */; };
		75CA249E246F3974009D3C1F /* Utilities.swift in Sources */ = {isa = PBXBuildFile; fileRef = 75CA2499246F3973009D3C1F /* Utilities.swift */; };
		75CA249F246F3974009D3C1F /* BoundingBoxImageView.swift in Sources */ = {isa = PBXBuildFile; fileRef = 75CA249A246F3973009D3C1F /* BoundingBoxImageView.swift */; };
		75CA24A1246F462E009D3C1F /* OcrSavioViewController.swift in Sources */ = {isa = PBXBuildFile; fileRef = 75CA24A0246F462E009D3C1F /* OcrSavioViewController.swift */; };
		75D23005246E91EF00B87E4D /* IntermediateReadingViewController.swift in Sources */ = {isa = PBXBuildFile; fileRef = 75D23004246E91EF00B87E4D /* IntermediateReadingViewController.swift */; };
/* End PBXBuildFile section */

/* Begin PBXCopyFilesBuildPhase section */
		4B7AC900247192EF00C59A0C /* Embed App Extensions */ = {
			isa = PBXCopyFilesBuildPhase;
			buildActionMask = 2147483647;
			dstPath = "";
			dstSubfolderSpec = 13;
			files = (
			);
			name = "Embed App Extensions";
			runOnlyForDeploymentPostprocessing = 0;
		};
/* End PBXCopyFilesBuildPhase section */

/* Begin PBXFileReference section */
		383C97E22465DEA200812FDF /* TextToAnswerCollectionViewCell.swift */ = {isa = PBXFileReference; lastKnownFileType = sourcecode.swift; path = TextToAnswerCollectionViewCell.swift; sourceTree = "<group>"; };
		383C97E82465EA3C00812FDF /* RadioButton.swift */ = {isa = PBXFileReference; lastKnownFileType = sourcecode.swift; path = RadioButton.swift; sourceTree = "<group>"; };
		383C97EA2465EB3B00812FDF /* ExerciseWithFormViewController.swift */ = {isa = PBXFileReference; lastKnownFileType = sourcecode.swift; path = ExerciseWithFormViewController.swift; sourceTree = "<group>"; };
		384225DC246B3AFF009BE84D /* timerPickerView.swift */ = {isa = PBXFileReference; lastKnownFileType = sourcecode.swift; path = timerPickerView.swift; sourceTree = "<group>"; };
		385C741C24654905009EB1A2 /* ShadowView.swift */ = {isa = PBXFileReference; fileEncoding = 4; lastKnownFileType = sourcecode.swift; path = ShadowView.swift; sourceTree = "<group>"; };
		385C741E24655A64009EB1A2 /* CheckBox.swift */ = {isa = PBXFileReference; fileEncoding = 4; lastKnownFileType = sourcecode.swift; path = CheckBox.swift; sourceTree = "<group>"; };
		385C742024655A6D009EB1A2 /* CopriScopriViewController.swift */ = {isa = PBXFileReference; fileEncoding = 4; lastKnownFileType = sourcecode.swift; path = CopriScopriViewController.swift; sourceTree = "<group>"; };
		385C742224655A77009EB1A2 /* PopUpViewController.swift */ = {isa = PBXFileReference; fileEncoding = 4; lastKnownFileType = sourcecode.swift; path = PopUpViewController.swift; sourceTree = "<group>"; };
		385C742424655AC9009EB1A2 /* FormCopriScopriViewController.swift */ = {isa = PBXFileReference; lastKnownFileType = sourcecode.swift; path = FormCopriScopriViewController.swift; sourceTree = "<group>"; };
		38876591246C713600328D23 /* FileCell.swift */ = {isa = PBXFileReference; fileEncoding = 4; lastKnownFileType = sourcecode.swift; path = FileCell.swift; sourceTree = "<group>"; };
		38876593246C713F00328D23 /* UPCarouselFlowLayout.swift */ = {isa = PBXFileReference; fileEncoding = 4; lastKnownFileType = sourcecode.swift; path = UPCarouselFlowLayout.swift; sourceTree = "<group>"; };
		3888437B246C9A6C0064712A /* PresentatiotionTextToReadViewController.swift */ = {isa = PBXFileReference; fileEncoding = 4; lastKnownFileType = sourcecode.swift; path = PresentatiotionTextToReadViewController.swift; sourceTree = "<group>"; };
		3888437D246C9A990064712A /* DropUpButton.swift */ = {isa = PBXFileReference; lastKnownFileType = sourcecode.swift; path = DropUpButton.swift; sourceTree = "<group>"; };
		3888437F246C9ACD0064712A /* DropUpView.swift */ = {isa = PBXFileReference; lastKnownFileType = sourcecode.swift; path = DropUpView.swift; sourceTree = "<group>"; };
		38884381246C9D4A0064712A /* DropUpViewCollectionViewCell.swift */ = {isa = PBXFileReference; lastKnownFileType = sourcecode.swift; path = DropUpViewCollectionViewCell.swift; sourceTree = "<group>"; };
		38B9B367247276A9000C16A4 /* containerOfRadioButton.swift */ = {isa = PBXFileReference; lastKnownFileType = sourcecode.swift; path = containerOfRadioButton.swift; sourceTree = "<group>"; };
		38BA6A38247143B900DF7878 /* PamCrTestiViewController.swift */ = {isa = PBXFileReference; lastKnownFileType = sourcecode.swift; path = PamCrTestiViewController.swift; sourceTree = "<group>"; };
		38F22554246FFA9000287884 /* TimerView.swift */ = {isa = PBXFileReference; lastKnownFileType = sourcecode.swift; path = TimerView.swift; sourceTree = "<group>"; };
		4B7AC8DC24706DF000C59A0C /* FontKit.swift */ = {isa = PBXFileReference; lastKnownFileType = sourcecode.swift; path = FontKit.swift; sourceTree = "<group>"; };
		5F1573062471848D00C832B6 /* TutorialViewController.swift */ = {isa = PBXFileReference; lastKnownFileType = sourcecode.swift; path = TutorialViewController.swift; sourceTree = "<group>"; };
		5F31E0172477194B004617C9 /* KeywordsCollectionViewCell.swift */ = {isa = PBXFileReference; lastKnownFileType = sourcecode.swift; path = KeywordsCollectionViewCell.swift; sourceTree = "<group>"; };
		7509E2D42460B2A60021CA4F /* Ready.app */ = {isa = PBXFileReference; explicitFileType = wrapper.application; includeInIndex = 0; path = Ready.app; sourceTree = BUILT_PRODUCTS_DIR; };
		7509E2D72460B2A60021CA4F /* AppDelegate.swift */ = {isa = PBXFileReference; lastKnownFileType = sourcecode.swift; path = AppDelegate.swift; sourceTree = "<group>"; };
		7509E2D92460B2A60021CA4F /* SceneDelegate.swift */ = {isa = PBXFileReference; lastKnownFileType = sourcecode.swift; path = SceneDelegate.swift; sourceTree = "<group>"; };
		7509E2DE2460B2A60021CA4F /* Base */ = {isa = PBXFileReference; lastKnownFileType = file.storyboard; name = Base; path = Base.lproj/Main.storyboard; sourceTree = "<group>"; };
		7509E2E02460B2A70021CA4F /* Assets.xcassets */ = {isa = PBXFileReference; lastKnownFileType = folder.assetcatalog; path = Assets.xcassets; sourceTree = "<group>"; };
		7509E2E32460B2A70021CA4F /* Base */ = {isa = PBXFileReference; lastKnownFileType = file.storyboard; name = Base; path = Base.lproj/LaunchScreen.storyboard; sourceTree = "<group>"; };
		7509E2E52460B2A70021CA4F /* Info.plist */ = {isa = PBXFileReference; lastKnownFileType = text.plist.xml; path = Info.plist; sourceTree = "<group>"; };
		7509E2EB2460B3530021CA4F /* ReadingDeskViewController.swift */ = {isa = PBXFileReference; lastKnownFileType = sourcecode.swift; path = ReadingDeskViewController.swift; sourceTree = "<group>"; };
		7509E2EE2460B38B0021CA4F /* ExcerciesViewController.swift */ = {isa = PBXFileReference; lastKnownFileType = sourcecode.swift; path = ExcerciesViewController.swift; sourceTree = "<group>"; };
		7509E2F02460B39F0021CA4F /* FilesViewController.swift */ = {isa = PBXFileReference; lastKnownFileType = sourcecode.swift; path = FilesViewController.swift; sourceTree = "<group>"; };
		7509E2F32460B7630021CA4F /* Type2ViewController.swift */ = {isa = PBXFileReference; fileEncoding = 4; lastKnownFileType = sourcecode.swift; path = Type2ViewController.swift; sourceTree = "<group>"; };
		7509E2F62460BA3C0021CA4F /* Type2CollectionViewCell.xib */ = {isa = PBXFileReference; fileEncoding = 4; lastKnownFileType = file.xib; path = Type2CollectionViewCell.xib; sourceTree = "<group>"; };
		7509E2F72460BA3C0021CA4F /* Type2CollectionViewCell.swift */ = {isa = PBXFileReference; fileEncoding = 4; lastKnownFileType = sourcecode.swift; path = Type2CollectionViewCell.swift; sourceTree = "<group>"; };
		7509E2FB2462A3C40021CA4F /* RomboExcerciesViewController.swift */ = {isa = PBXFileReference; lastKnownFileType = sourcecode.swift; path = RomboExcerciesViewController.swift; sourceTree = "<group>"; };
		7518939E2465541700C5B695 /* AppUtility.swift */ = {isa = PBXFileReference; lastKnownFileType = sourcecode.swift; path = AppUtility.swift; sourceTree = "<group>"; };
		751893A02465FD5600C5B695 /* TestiEsercizi.json */ = {isa = PBXFileReference; lastKnownFileType = text.json; path = TestiEsercizi.json; sourceTree = "<group>"; };
		755B77C22471A61800A3E73D /* PasteAndCopyViewController.swift */ = {isa = PBXFileReference; lastKnownFileType = sourcecode.swift; path = PasteAndCopyViewController.swift; sourceTree = "<group>"; };
		75CA2496246F3973009D3C1F /* DetectedViewController.swift */ = {isa = PBXFileReference; fileEncoding = 4; lastKnownFileType = sourcecode.swift; path = DetectedViewController.swift; sourceTree = "<group>"; };
		75CA2497246F3973009D3C1F /* UIImageView-ImageRect.swift */ = {isa = PBXFileReference; fileEncoding = 4; lastKnownFileType = sourcecode.swift; path = "UIImageView-ImageRect.swift"; sourceTree = "<group>"; };
		75CA2499246F3973009D3C1F /* Utilities.swift */ = {isa = PBXFileReference; fileEncoding = 4; lastKnownFileType = sourcecode.swift; path = Utilities.swift; sourceTree = "<group>"; };
		75CA249A246F3973009D3C1F /* BoundingBoxImageView.swift */ = {isa = PBXFileReference; fileEncoding = 4; lastKnownFileType = sourcecode.swift; path = BoundingBoxImageView.swift; sourceTree = "<group>"; };
		75CA24A0246F462E009D3C1F /* OcrSavioViewController.swift */ = {isa = PBXFileReference; lastKnownFileType = sourcecode.swift; path = OcrSavioViewController.swift; sourceTree = "<group>"; };
		75D23004246E91EF00B87E4D /* IntermediateReadingViewController.swift */ = {isa = PBXFileReference; lastKnownFileType = sourcecode.swift; path = IntermediateReadingViewController.swift; sourceTree = "<group>"; };
		8C01599C8B646BC19475DC26 /* Pods-MCXIApplication.release.xcconfig */ = {isa = PBXFileReference; includeInIndex = 1; lastKnownFileType = text.xcconfig; name = "Pods-MCXIApplication.release.xcconfig"; path = "Target Support Files/Pods-MCXIApplication/Pods-MCXIApplication.release.xcconfig"; sourceTree = "<group>"; };
		9FFC41B941188FE2D109C72B /* Pods-MCXIApplication.debug.xcconfig */ = {isa = PBXFileReference; includeInIndex = 1; lastKnownFileType = text.xcconfig; name = "Pods-MCXIApplication.debug.xcconfig"; path = "Target Support Files/Pods-MCXIApplication/Pods-MCXIApplication.debug.xcconfig"; sourceTree = "<group>"; };
		F75E08D9541D5695E62973B4 /* Pods_MCXIApplication.framework */ = {isa = PBXFileReference; explicitFileType = wrapper.framework; includeInIndex = 0; path = Pods_MCXIApplication.framework; sourceTree = BUILT_PRODUCTS_DIR; };
/* End PBXFileReference section */

/* Begin PBXFrameworksBuildPhase section */
		7509E2D12460B2A60021CA4F /* Frameworks */ = {
			isa = PBXFrameworksBuildPhase;
			buildActionMask = 2147483647;
			files = (
				479413D3D40BE167C969FF2F /* Pods_MCXIApplication.framework in Frameworks */,
			);
			runOnlyForDeploymentPostprocessing = 0;
		};
/* End PBXFrameworksBuildPhase section */

/* Begin PBXGroup section */
		7509E2CB2460B2A60021CA4F = {
			isa = PBXGroup;
			children = (
				7509E2D62460B2A60021CA4F /* MCXIApplication */,
				7509E2D52460B2A60021CA4F /* Products */,
				A78A620A51083812C7515410 /* Pods */,
				C0A80CF03ECD61B9E9F1FBD1 /* Frameworks */,
			);
			sourceTree = "<group>";
		};
		7509E2D52460B2A60021CA4F /* Products */ = {
			isa = PBXGroup;
			children = (
				7509E2D42460B2A60021CA4F /* Ready.app */,
			);
			name = Products;
			sourceTree = "<group>";
		};
		7509E2D62460B2A60021CA4F /* MCXIApplication */ = {
			isa = PBXGroup;
			children = (
				755B77C42472D9CC00A3E73D /* Model */,
				7509E2ED2460B3600021CA4F /* Controllers */,
				755B77C52472D9FF00A3E73D /* View */,
				755B77C92472DB2400A3E73D /* Utilities */,
				7509E2E02460B2A70021CA4F /* Assets.xcassets */,
				7509E2E52460B2A70021CA4F /* Info.plist */,
			);
			path = MCXIApplication;
			sourceTree = "<group>";
		};
		7509E2ED2460B3600021CA4F /* Controllers */ = {
			isa = PBXGroup;
			children = (
				5F1573062471848D00C832B6 /* TutorialViewController.swift */,
				755B77CF2472DC7100A3E73D /* FileManager */,
				755B77C62472DA2700A3E73D /* ReadingDesk */,
				755B77C72472DA5300A3E73D /* Excercise */,
			);
			path = Controllers;
			sourceTree = "<group>";
		};
		755B77C42472D9CC00A3E73D /* Model */ = {
			isa = PBXGroup;
			children = (
				751893A02465FD5600C5B695 /* TestiEsercizi.json */,
			);
			path = Model;
			sourceTree = "<group>";
		};
		755B77C52472D9FF00A3E73D /* View */ = {
			isa = PBXGroup;
			children = (
				7509E2D92460B2A60021CA4F /* SceneDelegate.swift */,
				7509E2F62460BA3C0021CA4F /* Type2CollectionViewCell.xib */,
				7509E2D72460B2A60021CA4F /* AppDelegate.swift */,
				7509E2E22460B2A70021CA4F /* LaunchScreen.storyboard */,
				7509E2DD2460B2A60021CA4F /* Main.storyboard */,
			);
			path = View;
			sourceTree = "<group>";
		};
		755B77C62472DA2700A3E73D /* ReadingDesk */ = {
			isa = PBXGroup;
			children = (
				7509E2EB2460B3530021CA4F /* ReadingDeskViewController.swift */,
				3888437B246C9A6C0064712A /* PresentatiotionTextToReadViewController.swift */,
				755B77C22471A61800A3E73D /* PasteAndCopyViewController.swift */,
			);
			path = ReadingDesk;
			sourceTree = "<group>";
		};
		755B77C72472DA5300A3E73D /* Excercise */ = {
			isa = PBXGroup;
			children = (
				755B77CE2472DBF300A3E73D /* LetturaDivergente */,
				755B77CD2472DBEA00A3E73D /* PamECr */,
				755B77C82472DA6F00A3E73D /* CopriEScopri */,
				7509E2F72460BA3C0021CA4F /* Type2CollectionViewCell.swift */,
				7509E2F32460B7630021CA4F /* Type2ViewController.swift */,
				7509E2EE2460B38B0021CA4F /* ExcerciesViewController.swift */,
			);
			path = Excercise;
			sourceTree = "<group>";
		};
		755B77C82472DA6F00A3E73D /* CopriEScopri */ = {
			isa = PBXGroup;
			children = (
				385C742024655A6D009EB1A2 /* CopriScopriViewController.swift */,
				385C742424655AC9009EB1A2 /* FormCopriScopriViewController.swift */,
			);
			path = CopriEScopri;
			sourceTree = "<group>";
		};
		755B77C92472DB2400A3E73D /* Utilities */ = {
			isa = PBXGroup;
			children = (
				755B77CC2472DBA000A3E73D /* Animation */,
				755B77CB2472DB5800A3E73D /* CustomView */,
				755B77CA2472DB4300A3E73D /* Ocr */,
				75CA2499246F3973009D3C1F /* Utilities.swift */,
				7518939E2465541700C5B695 /* AppUtility.swift */,
			);
			path = Utilities;
			sourceTree = "<group>";
		};
		755B77CA2472DB4300A3E73D /* Ocr */ = {
			isa = PBXGroup;
			children = (
				4B7AC8DC24706DF000C59A0C /* FontKit.swift */,
				75CA249A246F3973009D3C1F /* BoundingBoxImageView.swift */,
				75CA2496246F3973009D3C1F /* DetectedViewController.swift */,
				75CA2497246F3973009D3C1F /* UIImageView-ImageRect.swift */,
				75CA24A0246F462E009D3C1F /* OcrSavioViewController.swift */,
			);
			path = Ocr;
			sourceTree = "<group>";
		};
		755B77CB2472DB5800A3E73D /* CustomView */ = {
			isa = PBXGroup;
			children = (
				385C741E24655A64009EB1A2 /* CheckBox.swift */,
				38B9B367247276A9000C16A4 /* containerOfRadioButton.swift */,
				383C97E82465EA3C00812FDF /* RadioButton.swift */,
				38F22554246FFA9000287884 /* TimerView.swift */,
				3888437D246C9A990064712A /* DropUpButton.swift */,
				385C741C24654905009EB1A2 /* ShadowView.swift */,
				3888437F246C9ACD0064712A /* DropUpView.swift */,
				38884381246C9D4A0064712A /* DropUpViewCollectionViewCell.swift */,
				384225DC246B3AFF009BE84D /* timerPickerView.swift */,
				385C742224655A77009EB1A2 /* PopUpViewController.swift */,
			);
			path = CustomView;
			sourceTree = "<group>";
		};
		755B77CC2472DBA000A3E73D /* Animation */ = {
			isa = PBXGroup;
			children = (
				38876593246C713F00328D23 /* UPCarouselFlowLayout.swift */,
			);
			path = Animation;
			sourceTree = "<group>";
		};
		755B77CD2472DBEA00A3E73D /* PamECr */ = {
			isa = PBXGroup;
			children = (
				38BA6A38247143B900DF7878 /* PamCrTestiViewController.swift */,
				383C97EA2465EB3B00812FDF /* ExerciseWithFormViewController.swift */,
				383C97E22465DEA200812FDF /* TextToAnswerCollectionViewCell.swift */,
			);
			path = PamECr;
			sourceTree = "<group>";
		};
		755B77CE2472DBF300A3E73D /* LetturaDivergente */ = {
			isa = PBXGroup;
			children = (
				7509E2FB2462A3C40021CA4F /* RomboExcerciesViewController.swift */,
			);
			path = LetturaDivergente;
			sourceTree = "<group>";
		};
		755B77CF2472DC7100A3E73D /* FileManager */ = {
			isa = PBXGroup;
			children = (
				7509E2F02460B39F0021CA4F /* FilesViewController.swift */,
				75D23004246E91EF00B87E4D /* IntermediateReadingViewController.swift */,
				38876591246C713600328D23 /* FileCell.swift */,
				5F31E0172477194B004617C9 /* KeywordsCollectionViewCell.swift */,
			);
			path = FileManager;
			sourceTree = "<group>";
		};
		A78A620A51083812C7515410 /* Pods */ = {
			isa = PBXGroup;
			children = (
				9FFC41B941188FE2D109C72B /* Pods-MCXIApplication.debug.xcconfig */,
				8C01599C8B646BC19475DC26 /* Pods-MCXIApplication.release.xcconfig */,
			);
			path = Pods;
			sourceTree = "<group>";
		};
		C0A80CF03ECD61B9E9F1FBD1 /* Frameworks */ = {
			isa = PBXGroup;
			children = (
				F75E08D9541D5695E62973B4 /* Pods_MCXIApplication.framework */,
			);
			name = Frameworks;
			sourceTree = "<group>";
		};
/* End PBXGroup section */

/* Begin PBXNativeTarget section */
		7509E2D32460B2A60021CA4F /* Ready */ = {
			isa = PBXNativeTarget;
			buildConfigurationList = 7509E2E82460B2A70021CA4F /* Build configuration list for PBXNativeTarget "Ready" */;
			buildPhases = (
				5316635C91B38F05E48F4ED8 /* [CP] Check Pods Manifest.lock */,
				7509E2D02460B2A60021CA4F /* Sources */,
				7509E2D12460B2A60021CA4F /* Frameworks */,
				7509E2D22460B2A60021CA4F /* Resources */,
				9F13F698BFE33D9D008B3539 /* [CP] Embed Pods Frameworks */,
				4B7AC900247192EF00C59A0C /* Embed App Extensions */,
			);
			buildRules = (
			);
			dependencies = (
			);
			name = Ready;
			productName = MCXIApplication;
			productReference = 7509E2D42460B2A60021CA4F /* Ready.app */;
			productType = "com.apple.product-type.application";
		};
/* End PBXNativeTarget section */

/* Begin PBXProject section */
		7509E2CC2460B2A60021CA4F /* Project object */ = {
			isa = PBXProject;
			attributes = {
				LastSwiftUpdateCheck = 1140;
				LastUpgradeCheck = 1130;
				ORGANIZATIONNAME = "Valentino Palomba";
				TargetAttributes = {
					7509E2D32460B2A60021CA4F = {
						CreatedOnToolsVersion = 11.3.1;
					};
				};
			};
			buildConfigurationList = 7509E2CF2460B2A60021CA4F /* Build configuration list for PBXProject "MCXIApplication" */;
			compatibilityVersion = "Xcode 9.3";
			developmentRegion = en;
			hasScannedForEncodings = 0;
			knownRegions = (
				en,
				Base,
			);
			mainGroup = 7509E2CB2460B2A60021CA4F;
			productRefGroup = 7509E2D52460B2A60021CA4F /* Products */;
			projectDirPath = "";
			projectRoot = "";
			targets = (
				7509E2D32460B2A60021CA4F /* Ready */,
			);
		};
/* End PBXProject section */

/* Begin PBXResourcesBuildPhase section */
		7509E2D22460B2A60021CA4F /* Resources */ = {
			isa = PBXResourcesBuildPhase;
			buildActionMask = 2147483647;
			files = (
				7509E2E42460B2A70021CA4F /* LaunchScreen.storyboard in Resources */,
				7509E2E12460B2A70021CA4F /* Assets.xcassets in Resources */,
				751893A12465FD5600C5B695 /* TestiEsercizi.json in Resources */,
				7509E2DF2460B2A60021CA4F /* Main.storyboard in Resources */,
				7509E2F82460BA3C0021CA4F /* Type2CollectionViewCell.xib in Resources */,
			);
			runOnlyForDeploymentPostprocessing = 0;
		};
/* End PBXResourcesBuildPhase section */

/* Begin PBXShellScriptBuildPhase section */
		5316635C91B38F05E48F4ED8 /* [CP] Check Pods Manifest.lock */ = {
			isa = PBXShellScriptBuildPhase;
			buildActionMask = 2147483647;
			files = (
			);
			inputFileListPaths = (
			);
			inputPaths = (
				"${PODS_PODFILE_DIR_PATH}/Podfile.lock",
				"${PODS_ROOT}/Manifest.lock",
			);
			name = "[CP] Check Pods Manifest.lock";
			outputFileListPaths = (
			);
			outputPaths = (
				"$(DERIVED_FILE_DIR)/Pods-MCXIApplication-checkManifestLockResult.txt",
			);
			runOnlyForDeploymentPostprocessing = 0;
			shellPath = /bin/sh;
			shellScript = "diff \"${PODS_PODFILE_DIR_PATH}/Podfile.lock\" \"${PODS_ROOT}/Manifest.lock\" > /dev/null\nif [ $? != 0 ] ; then\n    # print error to STDERR\n    echo \"error: The sandbox is not in sync with the Podfile.lock. Run 'pod install' or update your CocoaPods installation.\" >&2\n    exit 1\nfi\n# This output is used by Xcode 'outputs' to avoid re-running this script phase.\necho \"SUCCESS\" > \"${SCRIPT_OUTPUT_FILE_0}\"\n";
			showEnvVarsInLog = 0;
		};
		9F13F698BFE33D9D008B3539 /* [CP] Embed Pods Frameworks */ = {
			isa = PBXShellScriptBuildPhase;
			buildActionMask = 2147483647;
			files = (
			);
			inputFileListPaths = (
				"${PODS_ROOT}/Target Support Files/Pods-MCXIApplication/Pods-MCXIApplication-frameworks-${CONFIGURATION}-input-files.xcfilelist",
			);
			name = "[CP] Embed Pods Frameworks";
			outputFileListPaths = (
				"${PODS_ROOT}/Target Support Files/Pods-MCXIApplication/Pods-MCXIApplication-frameworks-${CONFIGURATION}-output-files.xcfilelist",
			);
			runOnlyForDeploymentPostprocessing = 0;
			shellPath = /bin/sh;
			shellScript = "\"${PODS_ROOT}/Target Support Files/Pods-MCXIApplication/Pods-MCXIApplication-frameworks.sh\"\n";
			showEnvVarsInLog = 0;
		};
/* End PBXShellScriptBuildPhase section */

/* Begin PBXSourcesBuildPhase section */
		7509E2D02460B2A60021CA4F /* Sources */ = {
			isa = PBXSourcesBuildPhase;
			buildActionMask = 2147483647;
			files = (
				7509E2EF2460B38B0021CA4F /* ExcerciesViewController.swift in Sources */,
				4B7AC8DD24706DF000C59A0C /* FontKit.swift in Sources */,
				38884380246C9ACD0064712A /* DropUpView.swift in Sources */,
				5F31E0182477194B004617C9 /* KeywordsCollectionViewCell.swift in Sources */,
				7509E2D82460B2A60021CA4F /* AppDelegate.swift in Sources */,
				75CA249E246F3974009D3C1F /* Utilities.swift in Sources */,
				7509E2EC2460B3530021CA4F /* ReadingDeskViewController.swift in Sources */,
				755B77C32471A61800A3E73D /* PasteAndCopyViewController.swift in Sources */,
				7518939F2465541700C5B695 /* AppUtility.swift in Sources */,
				38F22555246FFA9000287884 /* TimerView.swift in Sources */,
				7509E2F42460B7640021CA4F /* Type2ViewController.swift in Sources */,
				385C741D24654905009EB1A2 /* ShadowView.swift in Sources */,
				7509E2F12460B39F0021CA4F /* FilesViewController.swift in Sources */,
				7509E2F92460BA3C0021CA4F /* Type2CollectionViewCell.swift in Sources */,
				38876592246C713600328D23 /* FileCell.swift in Sources */,
				385C741F24655A64009EB1A2 /* CheckBox.swift in Sources */,
				385C742524655AC9009EB1A2 /* FormCopriScopriViewController.swift in Sources */,
				383C97E92465EA3C00812FDF /* RadioButton.swift in Sources */,
				385C742324655A77009EB1A2 /* PopUpViewController.swift in Sources */,
				75D23005246E91EF00B87E4D /* IntermediateReadingViewController.swift in Sources */,
				75CA249F246F3974009D3C1F /* BoundingBoxImageView.swift in Sources */,
				383C97EB2465EB3B00812FDF /* ExerciseWithFormViewController.swift in Sources */,
				7509E2FC2462A3C40021CA4F /* RomboExcerciesViewController.swift in Sources */,
				5F1573072471848D00C832B6 /* TutorialViewController.swift in Sources */,
				385C742124655A6D009EB1A2 /* CopriScopriViewController.swift in Sources */,
				75CA249B246F3974009D3C1F /* DetectedViewController.swift in Sources */,
				38B9B368247276A9000C16A4 /* containerOfRadioButton.swift in Sources */,
				38884382246C9D4A0064712A /* DropUpViewCollectionViewCell.swift in Sources */,
				38876594246C713F00328D23 /* UPCarouselFlowLayout.swift in Sources */,
				3888437E246C9A990064712A /* DropUpButton.swift in Sources */,
				383C97E32465DEA200812FDF /* TextToAnswerCollectionViewCell.swift in Sources */,
				3888437C246C9A6C0064712A /* PresentatiotionTextToReadViewController.swift in Sources */,
				75CA24A1246F462E009D3C1F /* OcrSavioViewController.swift in Sources */,
				75CA249C246F3974009D3C1F /* UIImageView-ImageRect.swift in Sources */,
				384225DD246B3AFF009BE84D /* timerPickerView.swift in Sources */,
				38BA6A39247143B900DF7878 /* PamCrTestiViewController.swift in Sources */,
				7509E2DA2460B2A60021CA4F /* SceneDelegate.swift in Sources */,
			);
			runOnlyForDeploymentPostprocessing = 0;
		};
/* End PBXSourcesBuildPhase section */

/* Begin PBXVariantGroup section */
		7509E2DD2460B2A60021CA4F /* Main.storyboard */ = {
			isa = PBXVariantGroup;
			children = (
				7509E2DE2460B2A60021CA4F /* Base */,
			);
			name = Main.storyboard;
			sourceTree = "<group>";
		};
		7509E2E22460B2A70021CA4F /* LaunchScreen.storyboard */ = {
			isa = PBXVariantGroup;
			children = (
				7509E2E32460B2A70021CA4F /* Base */,
			);
			name = LaunchScreen.storyboard;
			sourceTree = "<group>";
		};
/* End PBXVariantGroup section */

/* Begin XCBuildConfiguration section */
		7509E2E62460B2A70021CA4F /* Debug */ = {
			isa = XCBuildConfiguration;
			buildSettings = {
				ALWAYS_SEARCH_USER_PATHS = NO;
				CLANG_ANALYZER_NONNULL = YES;
				CLANG_ANALYZER_NUMBER_OBJECT_CONVERSION = YES_AGGRESSIVE;
				CLANG_CXX_LANGUAGE_STANDARD = "gnu++14";
				CLANG_CXX_LIBRARY = "libc++";
				CLANG_ENABLE_MODULES = YES;
				CLANG_ENABLE_OBJC_ARC = YES;
				CLANG_ENABLE_OBJC_WEAK = YES;
				CLANG_WARN_BLOCK_CAPTURE_AUTORELEASING = YES;
				CLANG_WARN_BOOL_CONVERSION = YES;
				CLANG_WARN_COMMA = YES;
				CLANG_WARN_CONSTANT_CONVERSION = YES;
				CLANG_WARN_DEPRECATED_OBJC_IMPLEMENTATIONS = YES;
				CLANG_WARN_DIRECT_OBJC_ISA_USAGE = YES_ERROR;
				CLANG_WARN_DOCUMENTATION_COMMENTS = YES;
				CLANG_WARN_EMPTY_BODY = YES;
				CLANG_WARN_ENUM_CONVERSION = YES;
				CLANG_WARN_INFINITE_RECURSION = YES;
				CLANG_WARN_INT_CONVERSION = YES;
				CLANG_WARN_NON_LITERAL_NULL_CONVERSION = YES;
				CLANG_WARN_OBJC_IMPLICIT_RETAIN_SELF = YES;
				CLANG_WARN_OBJC_LITERAL_CONVERSION = YES;
				CLANG_WARN_OBJC_ROOT_CLASS = YES_ERROR;
				CLANG_WARN_RANGE_LOOP_ANALYSIS = YES;
				CLANG_WARN_STRICT_PROTOTYPES = YES;
				CLANG_WARN_SUSPICIOUS_MOVE = YES;
				CLANG_WARN_UNGUARDED_AVAILABILITY = YES_AGGRESSIVE;
				CLANG_WARN_UNREACHABLE_CODE = YES;
				CLANG_WARN__DUPLICATE_METHOD_MATCH = YES;
				COPY_PHASE_STRIP = NO;
				DEBUG_INFORMATION_FORMAT = dwarf;
				ENABLE_STRICT_OBJC_MSGSEND = YES;
				ENABLE_TESTABILITY = YES;
				GCC_C_LANGUAGE_STANDARD = gnu11;
				GCC_DYNAMIC_NO_PIC = NO;
				GCC_NO_COMMON_BLOCKS = YES;
				GCC_OPTIMIZATION_LEVEL = 0;
				GCC_PREPROCESSOR_DEFINITIONS = (
					"DEBUG=1",
					"$(inherited)",
				);
				GCC_WARN_64_TO_32_BIT_CONVERSION = YES;
				GCC_WARN_ABOUT_RETURN_TYPE = YES_ERROR;
				GCC_WARN_UNDECLARED_SELECTOR = YES;
				GCC_WARN_UNINITIALIZED_AUTOS = YES_AGGRESSIVE;
				GCC_WARN_UNUSED_FUNCTION = YES;
				GCC_WARN_UNUSED_VARIABLE = YES;
				IPHONEOS_DEPLOYMENT_TARGET = 13.2;
				MTL_ENABLE_DEBUG_INFO = INCLUDE_SOURCE;
				MTL_FAST_MATH = YES;
				ONLY_ACTIVE_ARCH = YES;
				SDKROOT = iphoneos;
				SWIFT_ACTIVE_COMPILATION_CONDITIONS = DEBUG;
				SWIFT_OPTIMIZATION_LEVEL = "-Onone";
			};
			name = Debug;
		};
		7509E2E72460B2A70021CA4F /* Release */ = {
			isa = XCBuildConfiguration;
			buildSettings = {
				ALWAYS_SEARCH_USER_PATHS = NO;
				CLANG_ANALYZER_NONNULL = YES;
				CLANG_ANALYZER_NUMBER_OBJECT_CONVERSION = YES_AGGRESSIVE;
				CLANG_CXX_LANGUAGE_STANDARD = "gnu++14";
				CLANG_CXX_LIBRARY = "libc++";
				CLANG_ENABLE_MODULES = YES;
				CLANG_ENABLE_OBJC_ARC = YES;
				CLANG_ENABLE_OBJC_WEAK = YES;
				CLANG_WARN_BLOCK_CAPTURE_AUTORELEASING = YES;
				CLANG_WARN_BOOL_CONVERSION = YES;
				CLANG_WARN_COMMA = YES;
				CLANG_WARN_CONSTANT_CONVERSION = YES;
				CLANG_WARN_DEPRECATED_OBJC_IMPLEMENTATIONS = YES;
				CLANG_WARN_DIRECT_OBJC_ISA_USAGE = YES_ERROR;
				CLANG_WARN_DOCUMENTATION_COMMENTS = YES;
				CLANG_WARN_EMPTY_BODY = YES;
				CLANG_WARN_ENUM_CONVERSION = YES;
				CLANG_WARN_INFINITE_RECURSION = YES;
				CLANG_WARN_INT_CONVERSION = YES;
				CLANG_WARN_NON_LITERAL_NULL_CONVERSION = YES;
				CLANG_WARN_OBJC_IMPLICIT_RETAIN_SELF = YES;
				CLANG_WARN_OBJC_LITERAL_CONVERSION = YES;
				CLANG_WARN_OBJC_ROOT_CLASS = YES_ERROR;
				CLANG_WARN_RANGE_LOOP_ANALYSIS = YES;
				CLANG_WARN_STRICT_PROTOTYPES = YES;
				CLANG_WARN_SUSPICIOUS_MOVE = YES;
				CLANG_WARN_UNGUARDED_AVAILABILITY = YES_AGGRESSIVE;
				CLANG_WARN_UNREACHABLE_CODE = YES;
				CLANG_WARN__DUPLICATE_METHOD_MATCH = YES;
				COPY_PHASE_STRIP = NO;
				DEBUG_INFORMATION_FORMAT = "dwarf-with-dsym";
				ENABLE_NS_ASSERTIONS = NO;
				ENABLE_STRICT_OBJC_MSGSEND = YES;
				GCC_C_LANGUAGE_STANDARD = gnu11;
				GCC_NO_COMMON_BLOCKS = YES;
				GCC_WARN_64_TO_32_BIT_CONVERSION = YES;
				GCC_WARN_ABOUT_RETURN_TYPE = YES_ERROR;
				GCC_WARN_UNDECLARED_SELECTOR = YES;
				GCC_WARN_UNINITIALIZED_AUTOS = YES_AGGRESSIVE;
				GCC_WARN_UNUSED_FUNCTION = YES;
				GCC_WARN_UNUSED_VARIABLE = YES;
				IPHONEOS_DEPLOYMENT_TARGET = 13.2;
				MTL_ENABLE_DEBUG_INFO = NO;
				MTL_FAST_MATH = YES;
				SDKROOT = iphoneos;
				SWIFT_COMPILATION_MODE = wholemodule;
				SWIFT_OPTIMIZATION_LEVEL = "-O";
				VALIDATE_PRODUCT = YES;
			};
			name = Release;
		};
		7509E2E92460B2A70021CA4F /* Debug */ = {
			isa = XCBuildConfiguration;
			baseConfigurationReference = 9FFC41B941188FE2D109C72B /* Pods-MCXIApplication.debug.xcconfig */;
			buildSettings = {
				ASSETCATALOG_COMPILER_APPICON_NAME = AppIcon;
				CODE_SIGN_STYLE = Automatic;
				CURRENT_PROJECT_VERSION = 2;
				DEVELOPMENT_TEAM = 966CVPMNG4;
				INFOPLIST_FILE = MCXIApplication/Info.plist;
				IPHONEOS_DEPLOYMENT_TARGET = 13.0;
				LD_RUNPATH_SEARCH_PATHS = (
					"$(inherited)",
					"@executable_path/Frameworks",
				);
				PRODUCT_BUNDLE_IDENTIFIER = "Valentino-Palomba.MCXIApplication";
				PRODUCT_NAME = Ready;
				SWIFT_VERSION = 5.0;
				TARGETED_DEVICE_FAMILY = 1;
			};
			name = Debug;
		};
		7509E2EA2460B2A70021CA4F /* Release */ = {
			isa = XCBuildConfiguration;
			baseConfigurationReference = 8C01599C8B646BC19475DC26 /* Pods-MCXIApplication.release.xcconfig */;
			buildSettings = {
				ASSETCATALOG_COMPILER_APPICON_NAME = AppIcon;
				CODE_SIGN_STYLE = Automatic;
				CURRENT_PROJECT_VERSION = 2;
				DEVELOPMENT_TEAM = 966CVPMNG4;
				INFOPLIST_FILE = MCXIApplication/Info.plist;
				IPHONEOS_DEPLOYMENT_TARGET = 13.0;
				LD_RUNPATH_SEARCH_PATHS = (
					"$(inherited)",
					"@executable_path/Frameworks",
				);
				PRODUCT_BUNDLE_IDENTIFIER = "Valentino-Palomba.MCXIApplication";
				PRODUCT_NAME = Ready;
				SWIFT_VERSION = 5.0;
				TARGETED_DEVICE_FAMILY = 1;
			};
			name = Release;
		};
/* End XCBuildConfiguration section */

/* Begin XCConfigurationList section */
		7509E2CF2460B2A60021CA4F /* Build configuration list for PBXProject "MCXIApplication" */ = {
			isa = XCConfigurationList;
			buildConfigurations = (
				7509E2E62460B2A70021CA4F /* Debug */,
				7509E2E72460B2A70021CA4F /* Release */,
			);
			defaultConfigurationIsVisible = 0;
			defaultConfigurationName = Release;
		};
		7509E2E82460B2A70021CA4F /* Build configuration list for PBXNativeTarget "Ready" */ = {
			isa = XCConfigurationList;
			buildConfigurations = (
				7509E2E92460B2A70021CA4F /* Debug */,
				7509E2EA2460B2A70021CA4F /* Release */,
			);
			defaultConfigurationIsVisible = 0;
			defaultConfigurationName = Release;
		};
/* End XCConfigurationList section */
	};
	rootObject = 7509E2CC2460B2A60021CA4F /* Project object */;
}
